// !$*UTF8*$!
{
	archiveVersion = 1;
	classes = {
	};
	objectVersion = 77;
	objects = {

/* Begin PBXBuildFile section */
		60A2306B2CD9552D00A6E84F /* HidratizeDataModel.xcdatamodeld in Sources */ = {isa = PBXBuildFile; fileRef = 60A230692CD9552D00A6E84F /* HidratizeDataModel.xcdatamodeld */; };
		60A2306C2CD9552D00A6E84F /* HidratizeDataModel.xcdatamodeld in Sources */ = {isa = PBXBuildFile; fileRef = 60A230692CD9552D00A6E84F /* HidratizeDataModel.xcdatamodeld */; };
		60A2306D2CD9552D00A6E84F /* HidratizeDataModel.xcdatamodeld in Sources */ = {isa = PBXBuildFile; fileRef = 60A230692CD9552D00A6E84F /* HidratizeDataModel.xcdatamodeld */; };
		60A230C82CDAADD100A6E84F /* Auth in Frameworks */ = {isa = PBXBuildFile; productRef = 60A230C72CDAADD100A6E84F /* Auth */; };
		60A230CA2CDAADD100A6E84F /* Functions in Frameworks */ = {isa = PBXBuildFile; productRef = 60A230C92CDAADD100A6E84F /* Functions */; };
		60A230CC2CDAADD100A6E84F /* PostgREST in Frameworks */ = {isa = PBXBuildFile; productRef = 60A230CB2CDAADD100A6E84F /* PostgREST */; };
		60A230CE2CDAADD100A6E84F /* Realtime in Frameworks */ = {isa = PBXBuildFile; productRef = 60A230CD2CDAADD100A6E84F /* Realtime */; };
		60A230D02CDAADD100A6E84F /* Storage in Frameworks */ = {isa = PBXBuildFile; productRef = 60A230CF2CDAADD100A6E84F /* Storage */; };
		60A230D32CDAAEE800A6E84F /* Supabase in Frameworks */ = {isa = PBXBuildFile; productRef = 60A230D22CDAAEE800A6E84F /* Supabase */; };
/* End PBXBuildFile section */

/* Begin PBXContainerItemProxy section */
		600F64C82CD8539F00B99002 /* PBXContainerItemProxy */ = {
			isa = PBXContainerItemProxy;
			containerPortal = 600F64AC2CD8539E00B99002 /* Project object */;
			proxyType = 1;
			remoteGlobalIDString = 600F64B32CD8539E00B99002;
			remoteInfo = Hidratize;
		};
		600F64D22CD8539F00B99002 /* PBXContainerItemProxy */ = {
			isa = PBXContainerItemProxy;
			containerPortal = 600F64AC2CD8539E00B99002 /* Project object */;
			proxyType = 1;
			remoteGlobalIDString = 600F64B32CD8539E00B99002;
			remoteInfo = Hidratize;
		};
/* End PBXContainerItemProxy section */

/* Begin PBXCopyFilesBuildPhase section */
		60A231562CDBF3E000A6E84F /* Embed Foundation Extensions */ = {
			isa = PBXCopyFilesBuildPhase;
			buildActionMask = 2147483647;
			dstPath = "";
			dstSubfolderSpec = 13;
			files = (
			);
			name = "Embed Foundation Extensions";
			runOnlyForDeploymentPostprocessing = 0;
		};
/* End PBXCopyFilesBuildPhase section */

/* Begin PBXFileReference section */
		600F64B42CD8539E00B99002 /* Hidratize.app */ = {isa = PBXFileReference; explicitFileType = wrapper.application; includeInIndex = 0; path = Hidratize.app; sourceTree = BUILT_PRODUCTS_DIR; };
		600F64C72CD8539F00B99002 /* HidratizeTests.xctest */ = {isa = PBXFileReference; explicitFileType = wrapper.cfbundle; includeInIndex = 0; path = HidratizeTests.xctest; sourceTree = BUILT_PRODUCTS_DIR; };
		600F64D12CD8539F00B99002 /* HidratizeUITests.xctest */ = {isa = PBXFileReference; explicitFileType = wrapper.cfbundle; includeInIndex = 0; path = HidratizeUITests.xctest; sourceTree = BUILT_PRODUCTS_DIR; };
		60A2306A2CD9552D00A6E84F /* HidratizeDataModel.xcdatamodel */ = {isa = PBXFileReference; lastKnownFileType = wrapper.xcdatamodel; path = HidratizeDataModel.xcdatamodel; sourceTree = "<group>"; };
		60A231452CDBF3DE00A6E84F /* WidgetKit.framework */ = {isa = PBXFileReference; lastKnownFileType = wrapper.framework; name = WidgetKit.framework; path = System/Library/Frameworks/WidgetKit.framework; sourceTree = SDKROOT; };
		60A231472CDBF3DE00A6E84F /* SwiftUI.framework */ = {isa = PBXFileReference; lastKnownFileType = wrapper.framework; name = SwiftUI.framework; path = System/Library/Frameworks/SwiftUI.framework; sourceTree = SDKROOT; };
		60A2315C2CDBFAAF00A6E84F /* HidratizeWidgetExtension.entitlements */ = {isa = PBXFileReference; lastKnownFileType = text.plist.entitlements; path = HidratizeWidgetExtension.entitlements; sourceTree = "<group>"; };
/* End PBXFileReference section */

/* Begin PBXFileSystemSynchronizedBuildFileExceptionSet section */
		60A230362CD8684600A6E84F /* Exceptions for "Hidratize" folder in "Hidratize" target */ = {
			isa = PBXFileSystemSynchronizedBuildFileExceptionSet;
			membershipExceptions = (
				Info.plist,
			);
			target = 600F64B32CD8539E00B99002 /* Hidratize */;
		};
/* End PBXFileSystemSynchronizedBuildFileExceptionSet section */

/* Begin PBXFileSystemSynchronizedRootGroup section */
		600F64B62CD8539E00B99002 /* Hidratize */ = {
			isa = PBXFileSystemSynchronizedRootGroup;
			exceptions = (
				60A230362CD8684600A6E84F /* Exceptions for "Hidratize" folder in "Hidratize" target */,
			);
			path = Hidratize;
			sourceTree = "<group>";
		};
		600F64CA2CD8539F00B99002 /* HidratizeTests */ = {
			isa = PBXFileSystemSynchronizedRootGroup;
			path = HidratizeTests;
			sourceTree = "<group>";
		};
		600F64D42CD8539F00B99002 /* HidratizeUITests */ = {
			isa = PBXFileSystemSynchronizedRootGroup;
			path = HidratizeUITests;
			sourceTree = "<group>";
		};
/* End PBXFileSystemSynchronizedRootGroup section */

/* Begin PBXFrameworksBuildPhase section */
		600F64B12CD8539E00B99002 /* Frameworks */ = {
			isa = PBXFrameworksBuildPhase;
			buildActionMask = 2147483647;
			files = (
				60A230CC2CDAADD100A6E84F /* PostgREST in Frameworks */,
				60A230CA2CDAADD100A6E84F /* Functions in Frameworks */,
				60A230D32CDAAEE800A6E84F /* Supabase in Frameworks */,
				60A230C82CDAADD100A6E84F /* Auth in Frameworks */,
				60A230D02CDAADD100A6E84F /* Storage in Frameworks */,
				60A230CE2CDAADD100A6E84F /* Realtime in Frameworks */,
			);
			runOnlyForDeploymentPostprocessing = 0;
		};
		600F64C42CD8539F00B99002 /* Frameworks */ = {
			isa = PBXFrameworksBuildPhase;
			buildActionMask = 2147483647;
			files = (
			);
			runOnlyForDeploymentPostprocessing = 0;
		};
		600F64CE2CD8539F00B99002 /* Frameworks */ = {
			isa = PBXFrameworksBuildPhase;
			buildActionMask = 2147483647;
			files = (
			);
			runOnlyForDeploymentPostprocessing = 0;
		};
/* End PBXFrameworksBuildPhase section */

/* Begin PBXGroup section */
		600F64AB2CD8539E00B99002 = {
			isa = PBXGroup;
			children = (
				60A2315C2CDBFAAF00A6E84F /* HidratizeWidgetExtension.entitlements */,
				60A230692CD9552D00A6E84F /* HidratizeDataModel.xcdatamodeld */,
				600F64B62CD8539E00B99002 /* Hidratize */,
				600F64CA2CD8539F00B99002 /* HidratizeTests */,
				600F64D42CD8539F00B99002 /* HidratizeUITests */,
				60A230D12CDAAEE800A6E84F /* Frameworks */,
				600F64B52CD8539E00B99002 /* Products */,
			);
			sourceTree = "<group>";
		};
		600F64B52CD8539E00B99002 /* Products */ = {
			isa = PBXGroup;
			children = (
				600F64B42CD8539E00B99002 /* Hidratize.app */,
				600F64C72CD8539F00B99002 /* HidratizeTests.xctest */,
				600F64D12CD8539F00B99002 /* HidratizeUITests.xctest */,
			);
			name = Products;
			sourceTree = "<group>";
		};
		60A230D12CDAAEE800A6E84F /* Frameworks */ = {
			isa = PBXGroup;
			children = (
				60A231452CDBF3DE00A6E84F /* WidgetKit.framework */,
				60A231472CDBF3DE00A6E84F /* SwiftUI.framework */,
			);
			name = Frameworks;
			sourceTree = "<group>";
		};
/* End PBXGroup section */

/* Begin PBXNativeTarget section */
		600F64B32CD8539E00B99002 /* Hidratize */ = {
			isa = PBXNativeTarget;
			buildConfigurationList = 600F64DB2CD8539F00B99002 /* Build configuration list for PBXNativeTarget "Hidratize" */;
			buildPhases = (
				600F64B02CD8539E00B99002 /* Sources */,
				600F64B12CD8539E00B99002 /* Frameworks */,
				600F64B22CD8539E00B99002 /* Resources */,
				60A231562CDBF3E000A6E84F /* Embed Foundation Extensions */,
			);
			buildRules = (
			);
			dependencies = (
			);
			fileSystemSynchronizedGroups = (
				600F64B62CD8539E00B99002 /* Hidratize */,
			);
			name = Hidratize;
			packageProductDependencies = (
				60A230C72CDAADD100A6E84F /* Auth */,
				60A230C92CDAADD100A6E84F /* Functions */,
				60A230CB2CDAADD100A6E84F /* PostgREST */,
				60A230CD2CDAADD100A6E84F /* Realtime */,
				60A230CF2CDAADD100A6E84F /* Storage */,
				60A230D22CDAAEE800A6E84F /* Supabase */,
			);
			productName = Hidratize;
			productReference = 600F64B42CD8539E00B99002 /* Hidratize.app */;
			productType = "com.apple.product-type.application";
		};
		600F64C62CD8539F00B99002 /* HidratizeTests */ = {
			isa = PBXNativeTarget;
			buildConfigurationList = 600F64DE2CD8539F00B99002 /* Build configuration list for PBXNativeTarget "HidratizeTests" */;
			buildPhases = (
				600F64C32CD8539F00B99002 /* Sources */,
				600F64C42CD8539F00B99002 /* Frameworks */,
				600F64C52CD8539F00B99002 /* Resources */,
			);
			buildRules = (
			);
			dependencies = (
				600F64C92CD8539F00B99002 /* PBXTargetDependency */,
			);
			fileSystemSynchronizedGroups = (
				600F64CA2CD8539F00B99002 /* HidratizeTests */,
			);
			name = HidratizeTests;
			packageProductDependencies = (
			);
			productName = HidratizeTests;
			productReference = 600F64C72CD8539F00B99002 /* HidratizeTests.xctest */;
			productType = "com.apple.product-type.bundle.unit-test";
		};
		600F64D02CD8539F00B99002 /* HidratizeUITests */ = {
			isa = PBXNativeTarget;
			buildConfigurationList = 600F64E12CD8539F00B99002 /* Build configuration list for PBXNativeTarget "HidratizeUITests" */;
			buildPhases = (
				600F64CD2CD8539F00B99002 /* Sources */,
				600F64CE2CD8539F00B99002 /* Frameworks */,
				600F64CF2CD8539F00B99002 /* Resources */,
			);
			buildRules = (
			);
			dependencies = (
				600F64D32CD8539F00B99002 /* PBXTargetDependency */,
			);
			fileSystemSynchronizedGroups = (
				600F64D42CD8539F00B99002 /* HidratizeUITests */,
			);
			name = HidratizeUITests;
			packageProductDependencies = (
			);
			productName = HidratizeUITests;
			productReference = 600F64D12CD8539F00B99002 /* HidratizeUITests.xctest */;
			productType = "com.apple.product-type.bundle.ui-testing";
		};
/* End PBXNativeTarget section */

/* Begin PBXProject section */
		600F64AC2CD8539E00B99002 /* Project object */ = {
			isa = PBXProject;
			attributes = {
				BuildIndependentTargetsInParallel = 1;
				LastSwiftUpdateCheck = 1600;
				LastUpgradeCheck = 1600;
				TargetAttributes = {
					600F64B32CD8539E00B99002 = {
						CreatedOnToolsVersion = 16.0;
					};
					600F64C62CD8539F00B99002 = {
						CreatedOnToolsVersion = 16.0;
						TestTargetID = 600F64B32CD8539E00B99002;
					};
					600F64D02CD8539F00B99002 = {
						CreatedOnToolsVersion = 16.0;
						TestTargetID = 600F64B32CD8539E00B99002;
					};
				};
			};
			buildConfigurationList = 600F64AF2CD8539E00B99002 /* Build configuration list for PBXProject "Hidratize" */;
			developmentRegion = en;
			hasScannedForEncodings = 0;
			knownRegions = (
				en,
				Base,
			);
			mainGroup = 600F64AB2CD8539E00B99002;
			minimizedProjectReferenceProxies = 1;
			packageReferences = (
				60A230C22CDAAD7D00A6E84F /* XCRemoteSwiftPackageReference "supabase-swift" */,
			);
			preferredProjectObjectVersion = 77;
			productRefGroup = 600F64B52CD8539E00B99002 /* Products */;
			projectDirPath = "";
			projectRoot = "";
			targets = (
				600F64B32CD8539E00B99002 /* Hidratize */,
				600F64C62CD8539F00B99002 /* HidratizeTests */,
				600F64D02CD8539F00B99002 /* HidratizeUITests */,
			);
		};
/* End PBXProject section */

/* Begin PBXResourcesBuildPhase section */
		600F64B22CD8539E00B99002 /* Resources */ = {
			isa = PBXResourcesBuildPhase;
			buildActionMask = 2147483647;
			files = (
			);
			runOnlyForDeploymentPostprocessing = 0;
		};
		600F64C52CD8539F00B99002 /* Resources */ = {
			isa = PBXResourcesBuildPhase;
			buildActionMask = 2147483647;
			files = (
			);
			runOnlyForDeploymentPostprocessing = 0;
		};
		600F64CF2CD8539F00B99002 /* Resources */ = {
			isa = PBXResourcesBuildPhase;
			buildActionMask = 2147483647;
			files = (
			);
			runOnlyForDeploymentPostprocessing = 0;
		};
/* End PBXResourcesBuildPhase section */

/* Begin PBXSourcesBuildPhase section */
		600F64B02CD8539E00B99002 /* Sources */ = {
			isa = PBXSourcesBuildPhase;
			buildActionMask = 2147483647;
			files = (
				60A2306B2CD9552D00A6E84F /* HidratizeDataModel.xcdatamodeld in Sources */,
			);
			runOnlyForDeploymentPostprocessing = 0;
		};
		600F64C32CD8539F00B99002 /* Sources */ = {
			isa = PBXSourcesBuildPhase;
			buildActionMask = 2147483647;
			files = (
				60A2306C2CD9552D00A6E84F /* HidratizeDataModel.xcdatamodeld in Sources */,
			);
			runOnlyForDeploymentPostprocessing = 0;
		};
		600F64CD2CD8539F00B99002 /* Sources */ = {
			isa = PBXSourcesBuildPhase;
			buildActionMask = 2147483647;
			files = (
				60A2306D2CD9552D00A6E84F /* HidratizeDataModel.xcdatamodeld in Sources */,
			);
			runOnlyForDeploymentPostprocessing = 0;
		};
/* End PBXSourcesBuildPhase section */

/* Begin PBXTargetDependency section */
		600F64C92CD8539F00B99002 /* PBXTargetDependency */ = {
			isa = PBXTargetDependency;
			target = 600F64B32CD8539E00B99002 /* Hidratize */;
			targetProxy = 600F64C82CD8539F00B99002 /* PBXContainerItemProxy */;
		};
		600F64D32CD8539F00B99002 /* PBXTargetDependency */ = {
			isa = PBXTargetDependency;
			target = 600F64B32CD8539E00B99002 /* Hidratize */;
			targetProxy = 600F64D22CD8539F00B99002 /* PBXContainerItemProxy */;
		};
/* End PBXTargetDependency section */

/* Begin XCBuildConfiguration section */
		600F64D92CD8539F00B99002 /* Debug */ = {
			isa = XCBuildConfiguration;
			buildSettings = {
				ALWAYS_SEARCH_USER_PATHS = NO;
				ASSETCATALOG_COMPILER_GENERATE_SWIFT_ASSET_SYMBOL_EXTENSIONS = YES;
				CLANG_ANALYZER_NONNULL = YES;
				CLANG_ANALYZER_NUMBER_OBJECT_CONVERSION = YES_AGGRESSIVE;
				CLANG_CXX_LANGUAGE_STANDARD = "gnu++20";
				CLANG_ENABLE_MODULES = YES;
				CLANG_ENABLE_OBJC_ARC = YES;
				CLANG_ENABLE_OBJC_WEAK = YES;
				CLANG_WARN_BLOCK_CAPTURE_AUTORELEASING = YES;
				CLANG_WARN_BOOL_CONVERSION = YES;
				CLANG_WARN_COMMA = YES;
				CLANG_WARN_CONSTANT_CONVERSION = YES;
				CLANG_WARN_DEPRECATED_OBJC_IMPLEMENTATIONS = YES;
				CLANG_WARN_DIRECT_OBJC_ISA_USAGE = YES_ERROR;
				CLANG_WARN_DOCUMENTATION_COMMENTS = YES;
				CLANG_WARN_EMPTY_BODY = YES;
				CLANG_WARN_ENUM_CONVERSION = YES;
				CLANG_WARN_INFINITE_RECURSION = YES;
				CLANG_WARN_INT_CONVERSION = YES;
				CLANG_WARN_NON_LITERAL_NULL_CONVERSION = YES;
				CLANG_WARN_OBJC_IMPLICIT_RETAIN_SELF = YES;
				CLANG_WARN_OBJC_LITERAL_CONVERSION = YES;
				CLANG_WARN_OBJC_ROOT_CLASS = YES_ERROR;
				CLANG_WARN_QUOTED_INCLUDE_IN_FRAMEWORK_HEADER = YES;
				CLANG_WARN_RANGE_LOOP_ANALYSIS = YES;
				CLANG_WARN_STRICT_PROTOTYPES = YES;
				CLANG_WARN_SUSPICIOUS_MOVE = YES;
				CLANG_WARN_UNGUARDED_AVAILABILITY = YES_AGGRESSIVE;
				CLANG_WARN_UNREACHABLE_CODE = YES;
				CLANG_WARN__DUPLICATE_METHOD_MATCH = YES;
				COPY_PHASE_STRIP = NO;
				DEBUG_INFORMATION_FORMAT = dwarf;
				ENABLE_STRICT_OBJC_MSGSEND = YES;
				ENABLE_TESTABILITY = YES;
				ENABLE_USER_SCRIPT_SANDBOXING = YES;
				GCC_C_LANGUAGE_STANDARD = gnu17;
				GCC_DYNAMIC_NO_PIC = NO;
				GCC_NO_COMMON_BLOCKS = YES;
				GCC_OPTIMIZATION_LEVEL = 0;
				GCC_PREPROCESSOR_DEFINITIONS = (
					"DEBUG=1",
					"$(inherited)",
				);
				GCC_WARN_64_TO_32_BIT_CONVERSION = YES;
				GCC_WARN_ABOUT_RETURN_TYPE = YES_ERROR;
				GCC_WARN_UNDECLARED_SELECTOR = YES;
				GCC_WARN_UNINITIALIZED_AUTOS = YES_AGGRESSIVE;
				GCC_WARN_UNUSED_FUNCTION = YES;
				GCC_WARN_UNUSED_VARIABLE = YES;
				GENERATE_INFOPLIST_FILE = YES;
				LOCALIZATION_PREFERS_STRING_CATALOGS = YES;
				MTL_ENABLE_DEBUG_INFO = INCLUDE_SOURCE;
				MTL_FAST_MATH = YES;
				ONLY_ACTIVE_ARCH = YES;
				SWIFT_ACTIVE_COMPILATION_CONDITIONS = "DEBUG $(inherited)";
				SWIFT_OPTIMIZATION_LEVEL = "-Onone";
			};
			name = Debug;
		};
		600F64DA2CD8539F00B99002 /* Release */ = {
			isa = XCBuildConfiguration;
			buildSettings = {
				ALWAYS_SEARCH_USER_PATHS = NO;
				ASSETCATALOG_COMPILER_GENERATE_SWIFT_ASSET_SYMBOL_EXTENSIONS = YES;
				CLANG_ANALYZER_NONNULL = YES;
				CLANG_ANALYZER_NUMBER_OBJECT_CONVERSION = YES_AGGRESSIVE;
				CLANG_CXX_LANGUAGE_STANDARD = "gnu++20";
				CLANG_ENABLE_MODULES = YES;
				CLANG_ENABLE_OBJC_ARC = YES;
				CLANG_ENABLE_OBJC_WEAK = YES;
				CLANG_WARN_BLOCK_CAPTURE_AUTORELEASING = YES;
				CLANG_WARN_BOOL_CONVERSION = YES;
				CLANG_WARN_COMMA = YES;
				CLANG_WARN_CONSTANT_CONVERSION = YES;
				CLANG_WARN_DEPRECATED_OBJC_IMPLEMENTATIONS = YES;
				CLANG_WARN_DIRECT_OBJC_ISA_USAGE = YES_ERROR;
				CLANG_WARN_DOCUMENTATION_COMMENTS = YES;
				CLANG_WARN_EMPTY_BODY = YES;
				CLANG_WARN_ENUM_CONVERSION = YES;
				CLANG_WARN_INFINITE_RECURSION = YES;
				CLANG_WARN_INT_CONVERSION = YES;
				CLANG_WARN_NON_LITERAL_NULL_CONVERSION = YES;
				CLANG_WARN_OBJC_IMPLICIT_RETAIN_SELF = YES;
				CLANG_WARN_OBJC_LITERAL_CONVERSION = YES;
				CLANG_WARN_OBJC_ROOT_CLASS = YES_ERROR;
				CLANG_WARN_QUOTED_INCLUDE_IN_FRAMEWORK_HEADER = YES;
				CLANG_WARN_RANGE_LOOP_ANALYSIS = YES;
				CLANG_WARN_STRICT_PROTOTYPES = YES;
				CLANG_WARN_SUSPICIOUS_MOVE = YES;
				CLANG_WARN_UNGUARDED_AVAILABILITY = YES_AGGRESSIVE;
				CLANG_WARN_UNREACHABLE_CODE = YES;
				CLANG_WARN__DUPLICATE_METHOD_MATCH = YES;
				COPY_PHASE_STRIP = NO;
				DEBUG_INFORMATION_FORMAT = "dwarf-with-dsym";
				ENABLE_NS_ASSERTIONS = NO;
				ENABLE_STRICT_OBJC_MSGSEND = YES;
				ENABLE_USER_SCRIPT_SANDBOXING = YES;
				GCC_C_LANGUAGE_STANDARD = gnu17;
				GCC_NO_COMMON_BLOCKS = YES;
				GCC_WARN_64_TO_32_BIT_CONVERSION = YES;
				GCC_WARN_ABOUT_RETURN_TYPE = YES_ERROR;
				GCC_WARN_UNDECLARED_SELECTOR = YES;
				GCC_WARN_UNINITIALIZED_AUTOS = YES_AGGRESSIVE;
				GCC_WARN_UNUSED_FUNCTION = YES;
				GCC_WARN_UNUSED_VARIABLE = YES;
				GENERATE_INFOPLIST_FILE = YES;
				LOCALIZATION_PREFERS_STRING_CATALOGS = YES;
				MTL_ENABLE_DEBUG_INFO = NO;
				MTL_FAST_MATH = YES;
				SWIFT_COMPILATION_MODE = wholemodule;
			};
			name = Release;
		};
		600F64DC2CD8539F00B99002 /* Debug */ = {
			isa = XCBuildConfiguration;
			buildSettings = {
				ASSETCATALOG_COMPILER_APPICON_NAME = AppIcon;
				ASSETCATALOG_COMPILER_GLOBAL_ACCENT_COLOR_NAME = AccentColor;
				ASSETCATALOG_COMPILER_INCLUDE_ALL_APPICON_ASSETS = YES;
				CODE_SIGN_ENTITLEMENTS = Hidratize/HidratizeDebug.entitlements;
				CODE_SIGN_STYLE = Automatic;
				CURRENT_PROJECT_VERSION = 1;
				DEVELOPMENT_ASSET_PATHS = "\"Hidratize/Preview Content\"";
				DEVELOPMENT_TEAM = FUPS87ZB5G;
				ENABLE_HARDENED_RUNTIME = YES;
				ENABLE_PREVIEWS = YES;
				GENERATE_INFOPLIST_FILE = YES;
				INFOPLIST_FILE = Hidratize/Info.plist;
				INFOPLIST_KEY_NSHealthShareUsageDescription = "La app necesita acceso a tus datos de hidratación para ayudarte a realizar un seguimiento de tu consumo diario de agua.\n";
				INFOPLIST_KEY_NSHealthUpdateUsageDescription = "La app necesita acceso a tus datos de hidratación para ayudarte a realizar un seguimiento de tu consumo diario de agua.\n";
				INFOPLIST_KEY_NSLocationWhenInUseUsageDescription = "La app necesita acceder a tu ubicación para ajustar tus necesidades de hidratación en función del clima.";
				"INFOPLIST_KEY_UIApplicationSceneManifest_Generation[sdk=iphoneos*]" = YES;
				"INFOPLIST_KEY_UIApplicationSceneManifest_Generation[sdk=iphonesimulator*]" = YES;
				"INFOPLIST_KEY_UIApplicationSupportsIndirectInputEvents[sdk=iphoneos*]" = YES;
				"INFOPLIST_KEY_UIApplicationSupportsIndirectInputEvents[sdk=iphonesimulator*]" = YES;
				"INFOPLIST_KEY_UILaunchScreen_Generation[sdk=iphoneos*]" = YES;
				"INFOPLIST_KEY_UILaunchScreen_Generation[sdk=iphonesimulator*]" = YES;
				INFOPLIST_KEY_UIStatusBarHidden = YES;
				"INFOPLIST_KEY_UIStatusBarStyle[sdk=iphoneos*]" = UIStatusBarStyleDefault;
				"INFOPLIST_KEY_UIStatusBarStyle[sdk=iphonesimulator*]" = UIStatusBarStyleDefault;
				INFOPLIST_KEY_UISupportedInterfaceOrientations = UIInterfaceOrientationPortrait;
				INFOPLIST_KEY_UISupportedInterfaceOrientations_iPad = "UIInterfaceOrientationLandscapeLeft UIInterfaceOrientationLandscapeRight UIInterfaceOrientationPortrait";
				IPHONEOS_DEPLOYMENT_TARGET = 18.6;
				LD_RUNPATH_SEARCH_PATHS = "@executable_path/Frameworks";
				"LD_RUNPATH_SEARCH_PATHS[sdk=macosx*]" = "@executable_path/../Frameworks";
				MACOSX_DEPLOYMENT_TARGET = 14.0;
				MARKETING_VERSION = 1.0;
				NEW_SETTING = "";
				PRODUCT_BUNDLE_IDENTIFIER = com.disolutionsmx.Hidratize;
				PRODUCT_NAME = "$(TARGET_NAME)";
				SDKROOT = auto;
				SUPPORTED_PLATFORMS = "iphoneos iphonesimulator";
				SUPPORTS_MACCATALYST = NO;
				SWIFT_EMIT_LOC_STRINGS = YES;
				SWIFT_VERSION = 5.0;
				TARGETED_DEVICE_FAMILY = 1;
				XROS_DEPLOYMENT_TARGET = 2.0;
			};
			name = Debug;
		};
		600F64DD2CD8539F00B99002 /* Release */ = {
			isa = XCBuildConfiguration;
			buildSettings = {
				ASSETCATALOG_COMPILER_APPICON_NAME = AppIcon;
				ASSETCATALOG_COMPILER_GLOBAL_ACCENT_COLOR_NAME = AccentColor;
				ASSETCATALOG_COMPILER_INCLUDE_ALL_APPICON_ASSETS = YES;
				CODE_SIGN_ENTITLEMENTS = Hidratize/Hidratize.entitlements;
				CODE_SIGN_IDENTITY = "Apple Development";
				CODE_SIGN_STYLE = Automatic;
				CURRENT_PROJECT_VERSION = 1;
				DEVELOPMENT_ASSET_PATHS = "\"Hidratize/Preview Content\"";
				DEVELOPMENT_TEAM = FUPS87ZB5G;
				ENABLE_HARDENED_RUNTIME = YES;
				ENABLE_PREVIEWS = YES;
				GENERATE_INFOPLIST_FILE = YES;
				INFOPLIST_FILE = Hidratize/Info.plist;
				"INFOPLIST_FILE[sdk=*]" = "";
				INFOPLIST_KEY_NSHealthShareUsageDescription = "La app necesita acceso a tus datos de hidratación para ayudarte a realizar un seguimiento de tu consumo diario de agua.\n";
				INFOPLIST_KEY_NSHealthUpdateUsageDescription = "La app necesita acceso a tus datos de hidratación para ayudarte a realizar un seguimiento de tu consumo diario de agua.\n";
				INFOPLIST_KEY_NSLocationWhenInUseUsageDescription = "La app necesita acceder a tu ubicación para ajustar tus necesidades de hidratación en función del clima.";
				"INFOPLIST_KEY_UIApplicationSceneManifest_Generation[sdk=iphoneos*]" = YES;
				"INFOPLIST_KEY_UIApplicationSceneManifest_Generation[sdk=iphonesimulator*]" = YES;
				"INFOPLIST_KEY_UIApplicationSupportsIndirectInputEvents[sdk=iphoneos*]" = YES;
				"INFOPLIST_KEY_UIApplicationSupportsIndirectInputEvents[sdk=iphonesimulator*]" = YES;
				"INFOPLIST_KEY_UILaunchScreen_Generation[sdk=iphoneos*]" = YES;
				"INFOPLIST_KEY_UILaunchScreen_Generation[sdk=iphonesimulator*]" = YES;
				INFOPLIST_KEY_UIStatusBarHidden = YES;
				"INFOPLIST_KEY_UIStatusBarStyle[sdk=iphoneos*]" = UIStatusBarStyleDefault;
				"INFOPLIST_KEY_UIStatusBarStyle[sdk=iphonesimulator*]" = UIStatusBarStyleDefault;
				INFOPLIST_KEY_UISupportedInterfaceOrientations = UIInterfaceOrientationPortrait;
				INFOPLIST_KEY_UISupportedInterfaceOrientations_iPad = "UIInterfaceOrientationLandscapeLeft UIInterfaceOrientationLandscapeRight UIInterfaceOrientationPortrait";
				IPHONEOS_DEPLOYMENT_TARGET = 18.6;
				LD_RUNPATH_SEARCH_PATHS = "@executable_path/Frameworks";
				"LD_RUNPATH_SEARCH_PATHS[sdk=macosx*]" = "@executable_path/../Frameworks";
				MACOSX_DEPLOYMENT_TARGET = 14.0;
				MARKETING_VERSION = 1.0;
				NEW_SETTING = "";
				PRODUCT_BUNDLE_IDENTIFIER = "com.disolutionsmx.Hidratize-app";
				PRODUCT_NAME = "$(TARGET_NAME)";
				PROVISIONING_PROFILE_SPECIFIER = "";
				SDKROOT = auto;
				SUPPORTED_PLATFORMS = "iphoneos iphonesimulator";
				SUPPORTS_MACCATALYST = NO;
				SWIFT_EMIT_LOC_STRINGS = YES;
				SWIFT_VERSION = 5.0;
				TARGETED_DEVICE_FAMILY = 1;
				XROS_DEPLOYMENT_TARGET = 2.0;
			};
			name = Release;
		};
		600F64DF2CD8539F00B99002 /* Debug */ = {
			isa = XCBuildConfiguration;
			buildSettings = {
				BUNDLE_LOADER = "$(TEST_HOST)";
				CODE_SIGN_STYLE = Automatic;
				CURRENT_PROJECT_VERSION = 1;
				DEVELOPMENT_TEAM = FUPS87ZB5G;
				GENERATE_INFOPLIST_FILE = YES;
				IPHONEOS_DEPLOYMENT_TARGET = 18.0;
				MACOSX_DEPLOYMENT_TARGET = 15.0;
				MARKETING_VERSION = 1.0;
				PRODUCT_BUNDLE_IDENTIFIER = com.disolutionsmx.HidratizeTests;
				PRODUCT_NAME = "$(TARGET_NAME)";
				SDKROOT = auto;
				SUPPORTED_PLATFORMS = "iphoneos iphonesimulator macosx xros xrsimulator";
				SWIFT_EMIT_LOC_STRINGS = NO;
				SWIFT_VERSION = 5.0;
				TARGETED_DEVICE_FAMILY = "1,2,7";
				TEST_HOST = "$(BUILT_PRODUCTS_DIR)/Hidratize.app/$(BUNDLE_EXECUTABLE_FOLDER_PATH)/Hidratize";
				XROS_DEPLOYMENT_TARGET = 2.0;
			};
			name = Debug;
		};
		600F64E02CD8539F00B99002 /* Release */ = {
			isa = XCBuildConfiguration;
			buildSettings = {
				BUNDLE_LOADER = "$(TEST_HOST)";
				CODE_SIGN_STYLE = Automatic;
				CURRENT_PROJECT_VERSION = 1;
				DEVELOPMENT_TEAM = FUPS87ZB5G;
				GENERATE_INFOPLIST_FILE = YES;
				IPHONEOS_DEPLOYMENT_TARGET = 18.0;
				MACOSX_DEPLOYMENT_TARGET = 15.0;
				MARKETING_VERSION = 1.0;
				PRODUCT_BUNDLE_IDENTIFIER = com.disolutionsmx.HidratizeTests;
				PRODUCT_NAME = "$(TARGET_NAME)";
				SDKROOT = auto;
				SUPPORTED_PLATFORMS = "iphoneos iphonesimulator macosx xros xrsimulator";
				SWIFT_EMIT_LOC_STRINGS = NO;
				SWIFT_VERSION = 5.0;
				TARGETED_DEVICE_FAMILY = "1,2,7";
				TEST_HOST = "$(BUILT_PRODUCTS_DIR)/Hidratize.app/$(BUNDLE_EXECUTABLE_FOLDER_PATH)/Hidratize";
				XROS_DEPLOYMENT_TARGET = 2.0;
			};
			name = Release;
		};
		600F64E22CD8539F00B99002 /* Debug */ = {
			isa = XCBuildConfiguration;
			buildSettings = {
				CODE_SIGN_STYLE = Automatic;
				CURRENT_PROJECT_VERSION = 1;
				DEVELOPMENT_TEAM = FUPS87ZB5G;
				GENERATE_INFOPLIST_FILE = YES;
				IPHONEOS_DEPLOYMENT_TARGET = 18.0;
				MACOSX_DEPLOYMENT_TARGET = 15.0;
				MARKETING_VERSION = 1.0;
				PRODUCT_BUNDLE_IDENTIFIER = com.disolutionsmx.HidratizeUITests;
				PRODUCT_NAME = "$(TARGET_NAME)";
				SDKROOT = auto;
				SUPPORTED_PLATFORMS = "iphoneos iphonesimulator macosx xros xrsimulator";
				SWIFT_EMIT_LOC_STRINGS = NO;
				SWIFT_VERSION = 5.0;
				TARGETED_DEVICE_FAMILY = "1,2,7";
				TEST_TARGET_NAME = Hidratize;
				XROS_DEPLOYMENT_TARGET = 2.0;
			};
			name = Debug;
		};
		600F64E32CD8539F00B99002 /* Release */ = {
			isa = XCBuildConfiguration;
			buildSettings = {
				CODE_SIGN_STYLE = Automatic;
				CURRENT_PROJECT_VERSION = 1;
				DEVELOPMENT_TEAM = FUPS87ZB5G;
				GENERATE_INFOPLIST_FILE = YES;
				IPHONEOS_DEPLOYMENT_TARGET = 18.0;
				MACOSX_DEPLOYMENT_TARGET = 15.0;
				MARKETING_VERSION = 1.0;
				PRODUCT_BUNDLE_IDENTIFIER = com.disolutionsmx.HidratizeUITests;
				PRODUCT_NAME = "$(TARGET_NAME)";
				SDKROOT = auto;
				SUPPORTED_PLATFORMS = "iphoneos iphonesimulator macosx xros xrsimulator";
				SWIFT_EMIT_LOC_STRINGS = NO;
				SWIFT_VERSION = 5.0;
				TARGETED_DEVICE_FAMILY = "1,2,7";
				TEST_TARGET_NAME = Hidratize;
				XROS_DEPLOYMENT_TARGET = 2.0;
			};
			name = Release;
		};
/* End XCBuildConfiguration section */

/* Begin XCConfigurationList section */
		600F64AF2CD8539E00B99002 /* Build configuration list for PBXProject "Hidratize" */ = {
			isa = XCConfigurationList;
			buildConfigurations = (
				600F64D92CD8539F00B99002 /* Debug */,
				600F64DA2CD8539F00B99002 /* Release */,
			);
			defaultConfigurationIsVisible = 0;
			defaultConfigurationName = Release;
		};
		600F64DB2CD8539F00B99002 /* Build configuration list for PBXNativeTarget "Hidratize" */ = {
			isa = XCConfigurationList;
			buildConfigurations = (
				600F64DC2CD8539F00B99002 /* Debug */,
				600F64DD2CD8539F00B99002 /* Release */,
			);
			defaultConfigurationIsVisible = 0;
			defaultConfigurationName = Release;
		};
		600F64DE2CD8539F00B99002 /* Build configuration list for PBXNativeTarget "HidratizeTests" */ = {
			isa = XCConfigurationList;
			buildConfigurations = (
				600F64DF2CD8539F00B99002 /* Debug */,
				600F64E02CD8539F00B99002 /* Release */,
			);
			defaultConfigurationIsVisible = 0;
			defaultConfigurationName = Release;
		};
		600F64E12CD8539F00B99002 /* Build configuration list for PBXNativeTarget "HidratizeUITests" */ = {
			isa = XCConfigurationList;
			buildConfigurations = (
				600F64E22CD8539F00B99002 /* Debug */,
				600F64E32CD8539F00B99002 /* Release */,
			);
			defaultConfigurationIsVisible = 0;
			defaultConfigurationName = Release;
		};
/* End XCConfigurationList section */

/* Begin XCRemoteSwiftPackageReference section */
		60A230C22CDAAD7D00A6E84F /* XCRemoteSwiftPackageReference "supabase-swift" */ = {
			isa = XCRemoteSwiftPackageReference;
			repositoryURL = "https://github.com/supabase-community/supabase-swift";
			requirement = {
				kind = upToNextMajorVersion;
				minimumVersion = 2.5.1;
			};
		};
/* End XCRemoteSwiftPackageReference section */

/* Begin XCSwiftPackageProductDependency section */
		60A230C72CDAADD100A6E84F /* Auth */ = {
			isa = XCSwiftPackageProductDependency;
			package = 60A230C22CDAAD7D00A6E84F /* XCRemoteSwiftPackageReference "supabase-swift" */;
			productName = Auth;
		};
		60A230C92CDAADD100A6E84F /* Functions */ = {
			isa = XCSwiftPackageProductDependency;
			package = 60A230C22CDAAD7D00A6E84F /* XCRemoteSwiftPackageReference "supabase-swift" */;
			productName = Functions;
		};
		60A230CB2CDAADD100A6E84F /* PostgREST */ = {
			isa = XCSwiftPackageProductDependency;
			package = 60A230C22CDAAD7D00A6E84F /* XCRemoteSwiftPackageReference "supabase-swift" */;
			productName = PostgREST;
		};
		60A230CD2CDAADD100A6E84F /* Realtime */ = {
			isa = XCSwiftPackageProductDependency;
			package = 60A230C22CDAAD7D00A6E84F /* XCRemoteSwiftPackageReference "supabase-swift" */;
			productName = Realtime;
		};
		60A230CF2CDAADD100A6E84F /* Storage */ = {
			isa = XCSwiftPackageProductDependency;
			package = 60A230C22CDAAD7D00A6E84F /* XCRemoteSwiftPackageReference "supabase-swift" */;
			productName = Storage;
		};
		60A230D22CDAAEE800A6E84F /* Supabase */ = {
			isa = XCSwiftPackageProductDependency;
			package = 60A230C22CDAAD7D00A6E84F /* XCRemoteSwiftPackageReference "supabase-swift" */;
			productName = Supabase;
		};
/* End XCSwiftPackageProductDependency section */

/* Begin XCVersionGroup section */
		60A230692CD9552D00A6E84F /* HidratizeDataModel.xcdatamodeld */ = {
			isa = XCVersionGroup;
			children = (
				60A2306A2CD9552D00A6E84F /* HidratizeDataModel.xcdatamodel */,
			);
			currentVersion = 60A2306A2CD9552D00A6E84F /* HidratizeDataModel.xcdatamodel */;
			path = HidratizeDataModel.xcdatamodeld;
			sourceTree = "<group>";
			versionGroupType = wrapper.xcdatamodel;
		};
/* End XCVersionGroup section */
	};
	rootObject = 600F64AC2CD8539E00B99002 /* Project object */;
}
